
Microsoft Visual Studio Solution File, Format Version 12.00
# Visual Studio 2013
VisualStudioVersion = 12.0.21005.1
MinimumVisualStudioVersion = 10.0.40219.1
Project("{FAE04EC0-301F-11D3-BF4B-00C04F79EFBC}") = "Models", "Models\Models.csproj", "{523DCD56-E317-4B57-BBEB-A8B18940A7B8}"
EndProject
Project("{FAE04EC0-301F-11D3-BF4B-00C04F79EFBC}") = "DAL", "DAL\DAL.csproj", "{C8835181-72F9-4244-9950-47282F61013A}"
EndProject
Project("{FAE04EC0-301F-11D3-BF4B-00C04F79EFBC}") = "DAO", "DAO\DAO.csproj", "{AFF51CA2-CFE5-42DF-B70D-A8F52D36B54A}"
EndProject
Project("{00D1A9C2-B5F0-4AF3-8072-F6C62B433612}") = "Baza", "Baza\Baza.sqlproj", "{0E6AA73A-C2F9-40C7-A866-F099EB2C3E9F}"
EndProject
Global
	GlobalSection(SolutionConfigurationPlatforms) = preSolution
		Debug|Any CPU = Debug|Any CPU
		Release|Any CPU = Release|Any CPU
	EndGlobalSection
	GlobalSection(ProjectConfigurationPlatforms) = postSolution
		{523DCD56-E317-4B57-BBEB-A8B18940A7B8}.Debug|Any CPU.ActiveCfg = Debug|Any CPU
		{523DCD56-E317-4B57-BBEB-A8B18940A7B8}.Debug|Any CPU.Build.0 = Debug|Any CPU
		{523DCD56-E317-4B57-BBEB-A8B18940A7B8}.Release|Any CPU.ActiveCfg = Release|Any CPU
		{523DCD56-E317-4B57-BBEB-A8B18940A7B8}.Release|Any CPU.Build.0 = Release|Any CPU
		{C8835181-72F9-4244-9950-47282F61013A}.Debug|Any CPU.ActiveCfg = Debug|Any CPU
		{C8835181-72F9-4244-9950-47282F61013A}.Debug|Any CPU.Build.0 = Debug|Any CPU
		{C8835181-72F9-4244-9950-47282F61013A}.Release|Any CPU.ActiveCfg = Release|Any CPU
		{C8835181-72F9-4244-9950-47282F61013A}.Release|Any CPU.Build.0 = Release|Any CPU
		{AFF51CA2-CFE5-42DF-B70D-A8F52D36B54A}.Debug|Any CPU.ActiveCfg = Debug|Any CPU
		{AFF51CA2-CFE5-42DF-B70D-A8F52D36B54A}.Debug|Any CPU.Build.0 = Debug|Any CPU
		{AFF51CA2-CFE5-42DF-B70D-A8F52D36B54A}.Release|Any CPU.ActiveCfg = Release|Any CPU
		{AFF51CA2-CFE5-42DF-B70D-A8F52D36B54A}.Release|Any CPU.Build.0 = Release|Any CPU
		{0E6AA73A-C2F9-40C7-A866-F099EB2C3E9F}.Debug|Any CPU.ActiveCfg = Debug|Any CPU
		{0E6AA73A-C2F9-40C7-A866-F099EB2C3E9F}.Debug|Any CPU.Build.0 = Debug|Any CPU
		{0E6AA73A-C2F9-40C7-A866-F099EB2C3E9F}.Debug|Any CPU.Deploy.0 = Debug|Any CPU
		{0E6AA73A-C2F9-40C7-A866-F099EB2C3E9F}.Release|Any CPU.ActiveCfg = Release|Any CPU
		{0E6AA73A-C2F9-40C7-A866-F099EB2C3E9F}.Release|Any CPU.Build.0 = Release|Any CPU
		{0E6AA73A-C2F9-40C7-A866-F099EB2C3E9F}.Release|Any CPU.Deploy.0 = Release|Any CPU
	EndGlobalSection
	GlobalSection(SolutionProperties) = preSolution
		HideSolutionNode = FALSE
	EndGlobalSection
EndGlobal
